Microsoft Visual Studio Solution File, Format Version 12.00
# Visual Studio Version 16
VisualStudioVersion = 16.0.29519.87
MinimumVisualStudioVersion = 10.0.40219.1
Project("{FAE04EC0-301F-11D3-BF4B-00C04F79EFBC}") = "CyuVR", "CyuVR\CyuVR.csproj", "{870C0456-40AF-4D28-A6C7-280392CB7754}"
EndProject
Global
	GlobalSection(SolutionConfigurationPlatforms) = preSolution
		Debug|Any CPU = Debug|Any CPU
		Release|Any CPU = Release|Any CPU
	EndGlobalSection
	GlobalSection(ProjectConfigurationPlatforms) = postSolution
		{870C0456-40AF-4D28-A6C7-280392CB7754}.Debug|Any CPU.ActiveCfg = Debug|Any CPU
		{870C0456-40AF-4D28-A6C7-280392CB7754}.Debug|Any CPU.Build.0 = Debug|Any CPU
		{870C0456-40AF-4D28-A6C7-280392CB7754}.Release|Any CPU.ActiveCfg = Release|Any CPU
		{870C0456-40AF-4D28-A6C7-280392CB7754}.Release|Any CPU.Build.0 = Release|Any CPU
	EndGlobalSection
	GlobalSection(SolutionProperties) = preSolution
		HideSolutionNode = FALSE
	EndGlobalSection
	GlobalSection(ExtensibilityGlobals) = postSolution
		SolutionGuid = {3E5BF46E-BABE-43D5-87FB-C005CD7F18D5}
	EndGlobalSection
EndGlobal
